
Microsoft Visual Studio Solution File, Format Version 12.00
# Visual Studio Version 16
VisualStudioVersion = 16.0.30204.135
MinimumVisualStudioVersion = 10.0.40219.1
Project("{FAE04EC0-301F-11D3-BF4B-00C04F79EFBC}") = "EpamTask1", "EpamTask1.csproj", "{541C4503-3C52-4BB2-9C0E-8D21AC2F00CD}"
EndProject
Global
	GlobalSection(SolutionConfigurationPlatforms) = preSolution
		Debug|Any CPU = Debug|Any CPU
		Release|Any CPU = Release|Any CPU
	EndGlobalSection
	GlobalSection(ProjectConfigurationPlatforms) = postSolution
		{541C4503-3C52-4BB2-9C0E-8D21AC2F00CD}.Debug|Any CPU.ActiveCfg = Debug|Any CPU
		{541C4503-3C52-4BB2-9C0E-8D21AC2F00CD}.Debug|Any CPU.Build.0 = Debug|Any CPU
		{541C4503-3C52-4BB2-9C0E-8D21AC2F00CD}.Release|Any CPU.ActiveCfg = Release|Any CPU
		{541C4503-3C52-4BB2-9C0E-8D21AC2F00CD}.Release|Any CPU.Build.0 = Release|Any CPU
	EndGlobalSection
	GlobalSection(SolutionProperties) = preSolution
		HideSolutionNode = FALSE
	EndGlobalSection
	GlobalSection(ExtensibilityGlobals) = postSolution
		SolutionGuid = {783797B9-A259-46BC-8B4C-A3B8484A1B0B}
	EndGlobalSection
EndGlobal
